// !$*UTF8*$!
{
	archiveVersion = 1;
	classes = {
	};
	objectVersion = 56;
	objects = {

/* Begin PBXBuildFile section */
		BD42ED2B2BAE295600ACD83D /* AppDelegate.swift in Sources */ = {isa = PBXBuildFile; fileRef = BD42ED2A2BAE295600ACD83D /* AppDelegate.swift */; };
		BD42ED2D2BAE295600ACD83D /* SceneDelegate.swift in Sources */ = {isa = PBXBuildFile; fileRef = BD42ED2C2BAE295600ACD83D /* SceneDelegate.swift */; };
		BD42ED2F2BAE295600ACD83D /* ViewController.swift in Sources */ = {isa = PBXBuildFile; fileRef = BD42ED2E2BAE295600ACD83D /* ViewController.swift */; };
		BD42ED342BAE295700ACD83D /* Assets.xcassets in Resources */ = {isa = PBXBuildFile; fileRef = BD42ED332BAE295700ACD83D /* Assets.xcassets */; };
		BD42ED372BAE295700ACD83D /* Base in Resources */ = {isa = PBXBuildFile; fileRef = BD42ED362BAE295700ACD83D /* Base */; };
		BD42ED402BAE38DC00ACD83D /* UIViewExtension.swift in Sources */ = {isa = PBXBuildFile; fileRef = BD42ED3F2BAE38DC00ACD83D /* UIViewExtension.swift */; };
		BD42ED422BAE3E3500ACD83D /* ColorViewCell.swift in Sources */ = {isa = PBXBuildFile; fileRef = BD42ED412BAE3E3500ACD83D /* ColorViewCell.swift */; };
		BD42ED442BAE446E00ACD83D /* Constants.swift in Sources */ = {isa = PBXBuildFile; fileRef = BD42ED432BAE446E00ACD83D /* Constants.swift */; };
		BD42ED472BAE457300ACD83D /* ColorRow.swift in Sources */ = {isa = PBXBuildFile; fileRef = BD42ED462BAE457300ACD83D /* ColorRow.swift */; };
		BDECEF342C365AC900307E5C /* DetailViewController.swift in Sources */ = {isa = PBXBuildFile; fileRef = BDECEF332C365AC900307E5C /* DetailViewController.swift */; };
/* End PBXBuildFile section */

/* Begin PBXFileReference section */
		BD42ED272BAE295600ACD83D /* UiTableView.app */ = {isa = PBXFileReference; explicitFileType = wrapper.application; includeInIndex = 0; path = UiTableView.app; sourceTree = BUILT_PRODUCTS_DIR; };
		BD42ED2A2BAE295600ACD83D /* AppDelegate.swift */ = {isa = PBXFileReference; lastKnownFileType = sourcecode.swift; path = AppDelegate.swift; sourceTree = "<group>"; };
		BD42ED2C2BAE295600ACD83D /* SceneDelegate.swift */ = {isa = PBXFileReference; lastKnownFileType = sourcecode.swift; path = SceneDelegate.swift; sourceTree = "<group>"; };
		BD42ED2E2BAE295600ACD83D /* ViewController.swift */ = {isa = PBXFileReference; lastKnownFileType = sourcecode.swift; path = ViewController.swift; sourceTree = "<group>"; };
		BD42ED332BAE295700ACD83D /* Assets.xcassets */ = {isa = PBXFileReference; lastKnownFileType = folder.assetcatalog; path = Assets.xcassets; sourceTree = "<group>"; };
		BD42ED362BAE295700ACD83D /* Base */ = {isa = PBXFileReference; lastKnownFileType = file.storyboard; name = Base; path = Base.lproj/LaunchScreen.storyboard; sourceTree = "<group>"; };
		BD42ED382BAE295700ACD83D /* Info.plist */ = {isa = PBXFileReference; lastKnownFileType = text.plist.xml; path = Info.plist; sourceTree = "<group>"; };
		BD42ED3F2BAE38DC00ACD83D /* UIViewExtension.swift */ = {isa = PBXFileReference; lastKnownFileType = sourcecode.swift; path = UIViewExtension.swift; sourceTree = "<group>"; };
		BD42ED412BAE3E3500ACD83D /* ColorViewCell.swift */ = {isa = PBXFileReference; lastKnownFileType = sourcecode.swift; path = ColorViewCell.swift; sourceTree = "<group>"; };
		BD42ED432BAE446E00ACD83D /* Constants.swift */ = {isa = PBXFileReference; lastKnownFileType = sourcecode.swift; path = Constants.swift; sourceTree = "<group>"; };
		BD42ED462BAE457300ACD83D /* ColorRow.swift */ = {isa = PBXFileReference; lastKnownFileType = sourcecode.swift; path = ColorRow.swift; sourceTree = "<group>"; };
		BDECEF332C365AC900307E5C /* DetailViewController.swift */ = {isa = PBXFileReference; lastKnownFileType = sourcecode.swift; path = DetailViewController.swift; sourceTree = "<group>"; };
/* End PBXFileReference section */

/* Begin PBXFrameworksBuildPhase section */
		BD42ED242BAE295600ACD83D /* Frameworks */ = {
			isa = PBXFrameworksBuildPhase;
			buildActionMask = 2147483647;
			files = (
			);
			runOnlyForDeploymentPostprocessing = 0;
		};
/* End PBXFrameworksBuildPhase section */

/* Begin PBXGroup section */
		BD42ED1E2BAE295600ACD83D = {
			isa = PBXGroup;
			children = (
				BD42ED292BAE295600ACD83D /* UiTableView */,
				BD42ED282BAE295600ACD83D /* Products */,
			);
			sourceTree = "<group>";
		};
		BD42ED282BAE295600ACD83D /* Products */ = {
			isa = PBXGroup;
			children = (
				BD42ED272BAE295600ACD83D /* UiTableView.app */,
			);
			name = Products;
			sourceTree = "<group>";
		};
		BD42ED292BAE295600ACD83D /* UiTableView */ = {
			isa = PBXGroup;
			children = (
				BDECEF322C365A9200307E5C /* Controllers */,
				BD42ED452BAE456700ACD83D /* Model */,
				BD42ED3E2BAE38BA00ACD83D /* Utils */,
				BD42ED2A2BAE295600ACD83D /* AppDelegate.swift */,
				BD42ED2C2BAE295600ACD83D /* SceneDelegate.swift */,
				BD42ED332BAE295700ACD83D /* Assets.xcassets */,
				BD42ED352BAE295700ACD83D /* LaunchScreen.storyboard */,
				BD42ED382BAE295700ACD83D /* Info.plist */,
			);
			path = UiTableView;
			sourceTree = "<group>";
		};
		BD42ED3E2BAE38BA00ACD83D /* Utils */ = {
			isa = PBXGroup;
			children = (
				BD42ED3F2BAE38DC00ACD83D /* UIViewExtension.swift */,
				BD42ED432BAE446E00ACD83D /* Constants.swift */,
			);
			path = Utils;
			sourceTree = "<group>";
		};
		BD42ED452BAE456700ACD83D /* Model */ = {
			isa = PBXGroup;
			children = (
				BD42ED462BAE457300ACD83D /* ColorRow.swift */,
			);
			path = Model;
			sourceTree = "<group>";
		};
		BDECEF322C365A9200307E5C /* Controllers */ = {
			isa = PBXGroup;
			children = (
				BD42ED2E2BAE295600ACD83D /* ViewController.swift */,
				BD42ED412BAE3E3500ACD83D /* ColorViewCell.swift */,
				BDECEF332C365AC900307E5C /* DetailViewController.swift */,
			);
			path = Controllers;
			sourceTree = "<group>";
		};
/* End PBXGroup section */

/* Begin PBXNativeTarget section */
		BD42ED262BAE295600ACD83D /* UiTableView */ = {
			isa = PBXNativeTarget;
			buildConfigurationList = BD42ED3B2BAE295700ACD83D /* Build configuration list for PBXNativeTarget "UiTableView" */;
			buildPhases = (
				BD42ED232BAE295600ACD83D /* Sources */,
				BD42ED242BAE295600ACD83D /* Frameworks */,
				BD42ED252BAE295600ACD83D /* Resources */,
			);
			buildRules = (
			);
			dependencies = (
			);
			name = UiTableView;
			productName = UiTableView;
			productReference = BD42ED272BAE295600ACD83D /* UiTableView.app */;
			productType = "com.apple.product-type.application";
		};
/* End PBXNativeTarget section */

/* Begin PBXProject section */
		BD42ED1F2BAE295600ACD83D /* Project object */ = {
			isa = PBXProject;
			attributes = {
				BuildIndependentTargetsInParallel = 1;
				LastSwiftUpdateCheck = 1530;
				LastUpgradeCheck = 1530;
				TargetAttributes = {
					BD42ED262BAE295600ACD83D = {
						CreatedOnToolsVersion = 15.3;
					};
				};
			};
			buildConfigurationList = BD42ED222BAE295600ACD83D /* Build configuration list for PBXProject "UiTableView" */;
			compatibilityVersion = "Xcode 14.0";
			developmentRegion = en;
			hasScannedForEncodings = 0;
			knownRegions = (
				en,
				Base,
			);
			mainGroup = BD42ED1E2BAE295600ACD83D;
			productRefGroup = BD42ED282BAE295600ACD83D /* Products */;
			projectDirPath = "";
			projectRoot = "";
			targets = (
				BD42ED262BAE295600ACD83D /* UiTableView */,
			);
		};
/* End PBXProject section */

/* Begin PBXResourcesBuildPhase section */
		BD42ED252BAE295600ACD83D /* Resources */ = {
			isa = PBXResourcesBuildPhase;
			buildActionMask = 2147483647;
			files = (
				BD42ED342BAE295700ACD83D /* Assets.xcassets in Resources */,
				BD42ED372BAE295700ACD83D /* Base in Resources */,
			);
			runOnlyForDeploymentPostprocessing = 0;
		};
/* End PBXResourcesBuildPhase section */

/* Begin PBXSourcesBuildPhase section */
		BD42ED232BAE295600ACD83D /* Sources */ = {
			isa = PBXSourcesBuildPhase;
			buildActionMask = 2147483647;
			files = (
				BD42ED422BAE3E3500ACD83D /* ColorViewCell.swift in Sources */,
				BD42ED2F2BAE295600ACD83D /* ViewController.swift in Sources */,
				BD42ED2B2BAE295600ACD83D /* AppDelegate.swift in Sources */,
				BD42ED402BAE38DC00ACD83D /* UIViewExtension.swift in Sources */,
				BD42ED2D2BAE295600ACD83D /* SceneDelegate.swift in Sources */,
				BD42ED472BAE457300ACD83D /* ColorRow.swift in Sources */,
				BD42ED442BAE446E00ACD83D /* Constants.swift in Sources */,
				BDECEF342C365AC900307E5C /* DetailViewController.swift in Sources */,
			);
			runOnlyForDeploymentPostprocessing = 0;
		};
/* End PBXSourcesBuildPhase section */

/* Begin PBXVariantGroup section */
		BD42ED352BAE295700ACD83D /* LaunchScreen.storyboard */ = {
			isa = PBXVariantGroup;
			children = (
				BD42ED362BAE295700ACD83D /* Base */,
			);
			name = LaunchScreen.storyboard;
			sourceTree = "<group>";
		};
/* End PBXVariantGroup section */

/* Begin XCBuildConfiguration section */
		BD42ED392BAE295700ACD83D /* Debug */ = {
			isa = XCBuildConfiguration;
			buildSettings = {
				ALWAYS_SEARCH_USER_PATHS = NO;
				ASSETCATALOG_COMPILER_GENERATE_SWIFT_ASSET_SYMBOL_EXTENSIONS = YES;
				CLANG_ANALYZER_NONNULL = YES;
				CLANG_ANALYZER_NUMBER_OBJECT_CONVERSION = YES_AGGRESSIVE;
				CLANG_CXX_LANGUAGE_STANDARD = "gnu++20";
				CLANG_ENABLE_MODULES = YES;
				CLANG_ENABLE_OBJC_ARC = YES;
				CLANG_ENABLE_OBJC_WEAK = YES;
				CLANG_WARN_BLOCK_CAPTURE_AUTORELEASING = YES;
				CLANG_WARN_BOOL_CONVERSION = YES;
				CLANG_WARN_COMMA = YES;
				CLANG_WARN_CONSTANT_CONVERSION = YES;
				CLANG_WARN_DEPRECATED_OBJC_IMPLEMENTATIONS = YES;
				CLANG_WARN_DIRECT_OBJC_ISA_USAGE = YES_ERROR;
				CLANG_WARN_DOCUMENTATION_COMMENTS = YES;
				CLANG_WARN_EMPTY_BODY = YES;
				CLANG_WARN_ENUM_CONVERSION = YES;
				CLANG_WARN_INFINITE_RECURSION = YES;
				CLANG_WARN_INT_CONVERSION = YES;
				CLANG_WARN_NON_LITERAL_NULL_CONVERSION = YES;
				CLANG_WARN_OBJC_IMPLICIT_RETAIN_SELF = YES;
				CLANG_WARN_OBJC_LITERAL_CONVERSION = YES;
				CLANG_WARN_OBJC_ROOT_CLASS = YES_ERROR;
				CLANG_WARN_QUOTED_INCLUDE_IN_FRAMEWORK_HEADER = YES;
				CLANG_WARN_RANGE_LOOP_ANALYSIS = YES;
				CLANG_WARN_STRICT_PROTOTYPES = YES;
				CLANG_WARN_SUSPICIOUS_MOVE = YES;
				CLANG_WARN_UNGUARDED_AVAILABILITY = YES_AGGRESSIVE;
				CLANG_WARN_UNREACHABLE_CODE = YES;
				CLANG_WARN__DUPLICATE_METHOD_MATCH = YES;
				COPY_PHASE_STRIP = NO;
				DEBUG_INFORMATION_FORMAT = dwarf;
				ENABLE_STRICT_OBJC_MSGSEND = YES;
				ENABLE_TESTABILITY = YES;
				ENABLE_USER_SCRIPT_SANDBOXING = YES;
				GCC_C_LANGUAGE_STANDARD = gnu17;
				GCC_DYNAMIC_NO_PIC = NO;
				GCC_NO_COMMON_BLOCKS = YES;
				GCC_OPTIMIZATION_LEVEL = 0;
				GCC_PREPROCESSOR_DEFINITIONS = (
					"DEBUG=1",
					"$(inherited)",
				);
				GCC_WARN_64_TO_32_BIT_CONVERSION = YES;
				GCC_WARN_ABOUT_RETURN_TYPE = YES_ERROR;
				GCC_WARN_UNDECLARED_SELECTOR = YES;
				GCC_WARN_UNINITIALIZED_AUTOS = YES_AGGRESSIVE;
				GCC_WARN_UNUSED_FUNCTION = YES;
				GCC_WARN_UNUSED_VARIABLE = YES;
				IPHONEOS_DEPLOYMENT_TARGET = 17.4;
				LOCALIZATION_PREFERS_STRING_CATALOGS = YES;
				MTL_ENABLE_DEBUG_INFO = INCLUDE_SOURCE;
				MTL_FAST_MATH = YES;
				ONLY_ACTIVE_ARCH = YES;
				SDKROOT = iphoneos;
				SWIFT_ACTIVE_COMPILATION_CONDITIONS = "DEBUG $(inherited)";
				SWIFT_OPTIMIZATION_LEVEL = "-Onone";
			};
			name = Debug;
		};
		BD42ED3A2BAE295700ACD83D /* Release */ = {
			isa = XCBuildConfiguration;
			buildSettings = {
				ALWAYS_SEARCH_USER_PATHS = NO;
				ASSETCATALOG_COMPILER_GENERATE_SWIFT_ASSET_SYMBOL_EXTENSIONS = YES;
				CLANG_ANALYZER_NONNULL = YES;
				CLANG_ANALYZER_NUMBER_OBJECT_CONVERSION = YES_AGGRESSIVE;
				CLANG_CXX_LANGUAGE_STANDARD = "gnu++20";
				CLANG_ENABLE_MODULES = YES;
				CLANG_ENABLE_OBJC_ARC = YES;
				CLANG_ENABLE_OBJC_WEAK = YES;
				CLANG_WARN_BLOCK_CAPTURE_AUTORELEASING = YES;
				CLANG_WARN_BOOL_CONVERSION = YES;
				CLANG_WARN_COMMA = YES;
				CLANG_WARN_CONSTANT_CONVERSION = YES;
				CLANG_WARN_DEPRECATED_OBJC_IMPLEMENTATIONS = YES;
				CLANG_WARN_DIRECT_OBJC_ISA_USAGE = YES_ERROR;
				CLANG_WARN_DOCUMENTATION_COMMENTS = YES;
				CLANG_WARN_EMPTY_BODY = YES;
				CLANG_WARN_ENUM_CONVERSION = YES;
				CLANG_WARN_INFINITE_RECURSION = YES;
				CLANG_WARN_INT_CONVERSION = YES;
				CLANG_WARN_NON_LITERAL_NULL_CONVERSION = YES;
				CLANG_WARN_OBJC_IMPLICIT_RETAIN_SELF = YES;
				CLANG_WARN_OBJC_LITERAL_CONVERSION = YES;
				CLANG_WARN_OBJC_ROOT_CLASS = YES_ERROR;
				CLANG_WARN_QUOTED_INCLUDE_IN_FRAMEWORK_HEADER = YES;
				CLANG_WARN_RANGE_LOOP_ANALYSIS = YES;
				CLANG_WARN_STRICT_PROTOTYPES = YES;
				CLANG_WARN_SUSPICIOUS_MOVE = YES;
				CLANG_WARN_UNGUARDED_AVAILABILITY = YES_AGGRESSIVE;
				CLANG_WARN_UNREACHABLE_CODE = YES;
				CLANG_WARN__DUPLICATE_METHOD_MATCH = YES;
				COPY_PHASE_STRIP = NO;
				DEBUG_INFORMATION_FORMAT = "dwarf-with-dsym";
				ENABLE_NS_ASSERTIONS = NO;
				ENABLE_STRICT_OBJC_MSGSEND = YES;
				ENABLE_USER_SCRIPT_SANDBOXING = YES;
				GCC_C_LANGUAGE_STANDARD = gnu17;
				GCC_NO_COMMON_BLOCKS = YES;
				GCC_WARN_64_TO_32_BIT_CONVERSION = YES;
				GCC_WARN_ABOUT_RETURN_TYPE = YES_ERROR;
				GCC_WARN_UNDECLARED_SELECTOR = YES;
				GCC_WARN_UNINITIALIZED_AUTOS = YES_AGGRESSIVE;
				GCC_WARN_UNUSED_FUNCTION = YES;
				GCC_WARN_UNUSED_VARIABLE = YES;
				IPHONEOS_DEPLOYMENT_TARGET = 17.4;
				LOCALIZATION_PREFERS_STRING_CATALOGS = YES;
				MTL_ENABLE_DEBUG_INFO = NO;
				MTL_FAST_MATH = YES;
				SDKROOT = iphoneos;
				SWIFT_COMPILATION_MODE = wholemodule;
				VALIDATE_PRODUCT = YES;
			};
			name = Release;
		};
		BD42ED3C2BAE295700ACD83D /* Debug */ = {
			isa = XCBuildConfiguration;
			buildSettings = {
				ASSETCATALOG_COMPILER_APPICON_NAME = AppIcon;
				ASSETCATALOG_COMPILER_GLOBAL_ACCENT_COLOR_NAME = AccentColor;
				CODE_SIGN_STYLE = Automatic;
				CURRENT_PROJECT_VERSION = 1;
				DEVELOPMENT_TEAM = V484G7LV29;
				GENERATE_INFOPLIST_FILE = YES;
				INFOPLIST_FILE = UiTableView/Info.plist;
				INFOPLIST_KEY_UIApplicationSupportsIndirectInputEvents = YES;
				INFOPLIST_KEY_UILaunchStoryboardName = LaunchScreen;
				INFOPLIST_KEY_UISupportedInterfaceOrientations_iPad = "UIInterfaceOrientationPortrait UIInterfaceOrientationPortraitUpsideDown UIInterfaceOrientationLandscapeLeft UIInterfaceOrientationLandscapeRight";
				INFOPLIST_KEY_UISupportedInterfaceOrientations_iPhone = "UIInterfaceOrientationPortrait UIInterfaceOrientationLandscapeLeft UIInterfaceOrientationLandscapeRight";
				LD_RUNPATH_SEARCH_PATHS = (
					"$(inherited)",
					"@executable_path/Frameworks",
				);
				MARKETING_VERSION = 1.0;
				PRODUCT_BUNDLE_IDENTIFIER = com.act.UiTableView;
				PRODUCT_NAME = "$(TARGET_NAME)";
				SWIFT_EMIT_LOC_STRINGS = YES;
				SWIFT_VERSION = 5.0;
				TARGETED_DEVICE_FAMILY = "1,2";
			};
			name = Debug;
		};
		BD42ED3D2BAE295700ACD83D /* Release */ = {
			isa = XCBuildConfiguration;
			buildSettings = {
				ASSETCATALOG_COMPILER_APPICON_NAME = AppIcon;
				ASSETCATALOG_COMPILER_GLOBAL_ACCENT_COLOR_NAME = AccentColor;
				CODE_SIGN_STYLE = Automatic;
				CURRENT_PROJECT_VERSION = 1;
				DEVELOPMENT_TEAM = V484G7LV29;
				GENERATE_INFOPLIST_FILE = YES;
				INFOPLIST_FILE = UiTableView/Info.plist;
				INFOPLIST_KEY_UIApplicationSupportsIndirectInputEvents = YES;
				INFOPLIST_KEY_UILaunchStoryboardName = LaunchScreen;
				INFOPLIST_KEY_UISupportedInterfaceOrientations_iPad = "UIInterfaceOrientationPortrait UIInterfaceOrientationPortraitUpsideDown UIInterfaceOrientationLandscapeLeft UIInterfaceOrientationLandscapeRight";
				INFOPLIST_KEY_UISupportedInterfaceOrientations_iPhone = "UIInterfaceOrientationPortrait UIInterfaceOrientationLandscapeLeft UIInterfaceOrientationLandscapeRight";
				LD_RUNPATH_SEARCH_PATHS = (
					"$(inherited)",
					"@executable_path/Frameworks",
				);
				MARKETING_VERSION = 1.0;
				PRODUCT_BUNDLE_IDENTIFIER = com.act.UiTableView;
				PRODUCT_NAME = "$(TARGET_NAME)";
				SWIFT_EMIT_LOC_STRINGS = YES;
				SWIFT_VERSION = 5.0;
				TARGETED_DEVICE_FAMILY = "1,2";
			};
			name = Release;
		};
/* End XCBuildConfiguration section */

/* Begin XCConfigurationList section */
		BD42ED222BAE295600ACD83D /* Build configuration list for PBXProject "UiTableView" */ = {
			isa = XCConfigurationList;
			buildConfigurations = (
				BD42ED392BAE295700ACD83D /* Debug */,
				BD42ED3A2BAE295700ACD83D /* Release */,
			);
			defaultConfigurationIsVisible = 0;
			defaultConfigurationName = Release;
		};
		BD42ED3B2BAE295700ACD83D /* Build configuration list for PBXNativeTarget "UiTableView" */ = {
			isa = XCConfigurationList;
			buildConfigurations = (
				BD42ED3C2BAE295700ACD83D /* Debug */,
				BD42ED3D2BAE295700ACD83D /* Release */,
			);
			defaultConfigurationIsVisible = 0;
			defaultConfigurationName = Release;
		};
/* End XCConfigurationList section */
	};
	rootObject = BD42ED1F2BAE295600ACD83D /* Project object */;
}
